# This file is automatically @generated by Cargo.
# It is not intended for manual editing.
[[package]]
name = "bech32"
version = "0.7.2"
source = "registry+https://github.com/rust-lang/crates.io-index"
checksum = "cdcf67bb7ba7797a081cd19009948ab533af7c355d5caf1d08c777582d351e9c"

[[package]]
name = "bitcoin"
version = "0.25.2"
source = "registry+https://github.com/rust-lang/crates.io-index"
checksum = "aefc9be9f17185f4ebccae6575d342063f775924d57df0000edb1880c0fb7095"
dependencies = [
 "bech32",
 "bitcoin_hashes 0.9.4",
 "secp256k1 0.19.0",
]

[[package]]
name = "bitcoin"
version = "0.26.0"
source = "registry+https://github.com/rust-lang/crates.io-index"
checksum = "1ec5f88a446d66e7474a3b8fa2e348320b574463fb78d799d90ba68f79f48e0e"
dependencies = [
 "bech32",
 "bitcoin_hashes 0.9.4",
 "secp256k1 0.20.1",
]

[[package]]
name = "bitcoin_hashes"
version = "0.7.6"
source = "registry+https://github.com/rust-lang/crates.io-index"
checksum = "b375d62f341cef9cd9e77793ec8f1db3fc9ce2e4d57e982c8fe697a2c16af3b6"

[[package]]
name = "bitcoin_hashes"
version = "0.9.4"
source = "registry+https://github.com/rust-lang/crates.io-index"
checksum = "0aaf87b776808e26ae93289bc7d025092b6d909c193f0cdee0b3a86e7bd3c776"

[[package]]
name = "cc"
version = "1.0.66"
source = "registry+https://github.com/rust-lang/crates.io-index"
checksum = "4c0496836a84f8d0495758516b8621a622beb77c0fed418570e50764093ced48"

[[package]]
name = "elements"
version = "0.15.0"
source = "registry+https://github.com/rust-lang/crates.io-index"
checksum = "bbd3865be0d3cabe1c92022d310b747e08b6308de5d81a70c921c35701133cd8"
dependencies = [
 "bitcoin 0.25.2",
 "bitcoin_hashes 0.9.4",
 "serde_json",
 "slip21",
]

[[package]]
name = "itoa"
version = "0.4.7"
source = "registry+https://github.com/rust-lang/crates.io-index"
checksum = "dd25036021b0de88a0aff6b850051563c6516d0bf53f8638938edbb9de732736"

[[package]]
name = "keyconv"
version = "0.1.0"
dependencies = [
 "bitcoin 0.26.0",
 "elements",
]

[[package]]
name = "ryu"
version = "1.0.5"
source = "registry+https://github.com/rust-lang/crates.io-index"
checksum = "71d301d4193d031abdd79ff7e3dd721168a9572ef3fe51a1517aba235bd8f86e"

[[package]]
name = "secp256k1"
version = "0.19.0"
source = "registry+https://github.com/rust-lang/crates.io-index"
checksum = "c6179428c22c73ac0fbb7b5579a56353ce78ba29759b3b8575183336ea74cdfb"
dependencies = [
 "secp256k1-sys 0.3.0",
]

[[package]]
name = "secp256k1"
version = "0.20.1"
source = "registry+https://github.com/rust-lang/crates.io-index"
checksum = "733b114f058f260c0af7591434eef4272ae1a8ec2751766d3cb89c6df8d5e450"
dependencies = [
 "secp256k1-sys 0.4.0",
]

[[package]]
name = "secp256k1-sys"
version = "0.3.0"
source = "registry+https://github.com/rust-lang/crates.io-index"
checksum = "11553d210db090930f4432bea123b31f70bbf693ace14504ea2a35e796c28dd2"
dependencies = [
 "cc",
]

[[package]]
name = "secp256k1-sys"
version = "0.4.0"
source = "registry+https://github.com/rust-lang/crates.io-index"
checksum = "67e4b6455ee49f5901c8985b88f98fb0a0e1d90a6661f5a03f4888bd987dad29"
dependencies = [
 "cc",
]

[[package]]
name = "serde"
version = "1.0.123"
source = "registry+https://github.com/rust-lang/crates.io-index"
checksum = "92d5161132722baa40d802cc70b15262b98258453e85e5d1d365c757c73869ae"

[[package]]
name = "serde_json"
version = "1.0.44"
source = "registry+https://github.com/rust-lang/crates.io-index"
checksum = "48c575e0cc52bdd09b47f330f646cf59afc586e9c4e3ccd6fc1f625b8ea1dad7"
dependencies = [
 "itoa",
 "ryu",
 "serde",
]

[[package]]
name = "slip21"
version = "0.2.0"
source = "registry+https://github.com/rust-lang/crates.io-index"
checksum = "acff9a1a0f4d902c8184bdde5338861dd95eb1397a12c4df78fb0b6ebeed4cbe"
dependencies = [
 "bitcoin_hashes 0.7.6",
]
